
Microsoft Visual Studio Solution File, Format Version 12.00
# Visual Studio 15
VisualStudioVersion = 15.0.26124.0
MinimumVisualStudioVersion = 15.0.26124.0
Project("{2150E333-8FDC-42A3-9474-1A3956D46DE8}") = "NextDoor.Core", "NextDoor.Core", "{EC0A0288-4AFE-4DC1-9ED1-1453BF1C0738}"
EndProject
Project("{2150E333-8FDC-42A3-9474-1A3956D46DE8}") = "src", "src", "{7F4F29F5-5B1F-46DF-9A76-23C901559882}"
EndProject
Project("{9A19103F-16F7-4668-BE54-9A1E7A4F7556}") = "NextDoor.Core", "NextDoor.Core\src\NextDoor.Core\NextDoor.Core.csproj", "{3B1D7F5B-06AF-4A0B-ACB4-C43D60C29310}"
EndProject
Project("{2150E333-8FDC-42A3-9474-1A3956D46DE8}") = "NextDoor.Services.Customers", "NextDoor.Services.Customers", "{5EE1C06A-88D3-4DFF-85B3-E0C47FFE9B0C}"
EndProject
Project("{2150E333-8FDC-42A3-9474-1A3956D46DE8}") = "src", "src", "{5F8B0FF1-6D07-4578-B723-62F43A6A9DAF}"
EndProject
Project("{9A19103F-16F7-4668-BE54-9A1E7A4F7556}") = "NextDoor.Services.Customers", "NextDoor.Services.Customers\src\NextDoor.Services.Customers\NextDoor.Services.Customers.csproj", "{BDBA4F04-1EC6-410C-BC02-BE1330440668}"
EndProject
Project("{2150E333-8FDC-42A3-9474-1A3956D46DE8}") = "NextDoor.Services.Identity", "NextDoor.Services.Identity", "{CA68619C-7601-4683-8125-F0361879AE0C}"
	ProjectSection(SolutionItems) = preProject
		Identity.rest = Identity.rest
	EndProjectSection
EndProject
Project("{2150E333-8FDC-42A3-9474-1A3956D46DE8}") = "src", "src", "{7423FD42-22A6-41C1-A7D6-6C36F2F06048}"
EndProject
Project("{9A19103F-16F7-4668-BE54-9A1E7A4F7556}") = "NextDoor.Services.Identity", "NextDoor.Services.Identity\src\NextDoor.Services.Identity\NextDoor.Services.Identity.csproj", "{20C5DCCD-92C8-4F18-8D4B-76D3AE2B97C6}"
EndProject
Project("{2150E333-8FDC-42A3-9474-1A3956D46DE8}") = "NextDoor.ApiGateway", "NextDoor.ApiGateway", "{4733FE6B-0C56-4C83-9B0B-338EA9398BAF}"
EndProject
Project("{2150E333-8FDC-42A3-9474-1A3956D46DE8}") = "src", "src", "{644101DF-D52C-4FA7-90F1-1EB9F7E28C88}"
EndProject
Project("{9A19103F-16F7-4668-BE54-9A1E7A4F7556}") = "NextDoor.ApiGateway", "NextDoor.ApiGateway\src\NextDoor.ApiGateway\NextDoor.ApiGateway.csproj", "{8B50E9AA-1BCA-454B-953C-21EF7BC484D4}"
EndProject
Project("{2150E333-8FDC-42A3-9474-1A3956D46DE8}") = "NextDoor.Services.Notifications", "NextDoor.Services.Notifications", "{07E5B255-4801-4DEF-997C-FDC772B6C9B8}"
EndProject
Project("{2150E333-8FDC-42A3-9474-1A3956D46DE8}") = "src", "src", "{03EA2EA1-3379-4A9E-BBC5-DF79B14834B6}"
EndProject
Project("{FAE04EC0-301F-11D3-BF4B-00C04F79EFBC}") = "NextDoor.Services.Notifications", "NextDoor.Services.Notifications\src\NextDoor.Services.Notifications\NextDoor.Services.Notifications.csproj", "{800E2E62-B7B6-4EF7-B861-0A5580953AF4}"
EndProject
Project("{2150E333-8FDC-42A3-9474-1A3956D46DE8}") = "NextDoor.Services.Admin", "NextDoor.Services.Admin", "{D8B9AADD-D283-4D08-A831-9830BF8F89D2}"
EndProject
Project("{2150E333-8FDC-42A3-9474-1A3956D46DE8}") = "src", "src", "{C8804D8C-C0B0-48DC-B63A-D59457C4FB56}"
EndProject
Project("{FAE04EC0-301F-11D3-BF4B-00C04F79EFBC}") = "NextDoor.Services.Admin", "NextDoor.Services.Admin\src\NextDoor.Services.Admin\NextDoor.Services.Admin.csproj", "{2509D5F6-3938-4CB3-B875-F5EAD9647CEF}"
EndProject
Global
	GlobalSection(SolutionConfigurationPlatforms) = preSolution
		Debug|Any CPU = Debug|Any CPU
		Debug|x64 = Debug|x64
		Debug|x86 = Debug|x86
		Release|Any CPU = Release|Any CPU
		Release|x64 = Release|x64
		Release|x86 = Release|x86
	EndGlobalSection
	GlobalSection(ProjectConfigurationPlatforms) = postSolution
		{3B1D7F5B-06AF-4A0B-ACB4-C43D60C29310}.Debug|Any CPU.ActiveCfg = Debug|Any CPU
		{3B1D7F5B-06AF-4A0B-ACB4-C43D60C29310}.Debug|Any CPU.Build.0 = Debug|Any CPU
		{3B1D7F5B-06AF-4A0B-ACB4-C43D60C29310}.Debug|x64.ActiveCfg = Debug|Any CPU
		{3B1D7F5B-06AF-4A0B-ACB4-C43D60C29310}.Debug|x64.Build.0 = Debug|Any CPU
		{3B1D7F5B-06AF-4A0B-ACB4-C43D60C29310}.Debug|x86.ActiveCfg = Debug|Any CPU
		{3B1D7F5B-06AF-4A0B-ACB4-C43D60C29310}.Debug|x86.Build.0 = Debug|Any CPU
		{3B1D7F5B-06AF-4A0B-ACB4-C43D60C29310}.Release|Any CPU.ActiveCfg = Release|Any CPU
		{3B1D7F5B-06AF-4A0B-ACB4-C43D60C29310}.Release|Any CPU.Build.0 = Release|Any CPU
		{3B1D7F5B-06AF-4A0B-ACB4-C43D60C29310}.Release|x64.ActiveCfg = Release|Any CPU
		{3B1D7F5B-06AF-4A0B-ACB4-C43D60C29310}.Release|x64.Build.0 = Release|Any CPU
		{3B1D7F5B-06AF-4A0B-ACB4-C43D60C29310}.Release|x86.ActiveCfg = Release|Any CPU
		{3B1D7F5B-06AF-4A0B-ACB4-C43D60C29310}.Release|x86.Build.0 = Release|Any CPU
		{BDBA4F04-1EC6-410C-BC02-BE1330440668}.Debug|Any CPU.ActiveCfg = Debug|Any CPU
		{BDBA4F04-1EC6-410C-BC02-BE1330440668}.Debug|Any CPU.Build.0 = Debug|Any CPU
		{BDBA4F04-1EC6-410C-BC02-BE1330440668}.Debug|x64.ActiveCfg = Debug|Any CPU
		{BDBA4F04-1EC6-410C-BC02-BE1330440668}.Debug|x64.Build.0 = Debug|Any CPU
		{BDBA4F04-1EC6-410C-BC02-BE1330440668}.Debug|x86.ActiveCfg = Debug|Any CPU
		{BDBA4F04-1EC6-410C-BC02-BE1330440668}.Debug|x86.Build.0 = Debug|Any CPU
		{BDBA4F04-1EC6-410C-BC02-BE1330440668}.Release|Any CPU.ActiveCfg = Release|Any CPU
		{BDBA4F04-1EC6-410C-BC02-BE1330440668}.Release|Any CPU.Build.0 = Release|Any CPU
		{BDBA4F04-1EC6-410C-BC02-BE1330440668}.Release|x64.ActiveCfg = Release|Any CPU
		{BDBA4F04-1EC6-410C-BC02-BE1330440668}.Release|x64.Build.0 = Release|Any CPU
		{BDBA4F04-1EC6-410C-BC02-BE1330440668}.Release|x86.ActiveCfg = Release|Any CPU
		{BDBA4F04-1EC6-410C-BC02-BE1330440668}.Release|x86.Build.0 = Release|Any CPU
		{20C5DCCD-92C8-4F18-8D4B-76D3AE2B97C6}.Debug|Any CPU.ActiveCfg = Debug|Any CPU
		{20C5DCCD-92C8-4F18-8D4B-76D3AE2B97C6}.Debug|Any CPU.Build.0 = Debug|Any CPU
		{20C5DCCD-92C8-4F18-8D4B-76D3AE2B97C6}.Debug|x64.ActiveCfg = Debug|Any CPU
		{20C5DCCD-92C8-4F18-8D4B-76D3AE2B97C6}.Debug|x64.Build.0 = Debug|Any CPU
		{20C5DCCD-92C8-4F18-8D4B-76D3AE2B97C6}.Debug|x86.ActiveCfg = Debug|Any CPU
		{20C5DCCD-92C8-4F18-8D4B-76D3AE2B97C6}.Debug|x86.Build.0 = Debug|Any CPU
		{20C5DCCD-92C8-4F18-8D4B-76D3AE2B97C6}.Release|Any CPU.ActiveCfg = Release|Any CPU
		{20C5DCCD-92C8-4F18-8D4B-76D3AE2B97C6}.Release|Any CPU.Build.0 = Release|Any CPU
		{20C5DCCD-92C8-4F18-8D4B-76D3AE2B97C6}.Release|x64.ActiveCfg = Release|Any CPU
		{20C5DCCD-92C8-4F18-8D4B-76D3AE2B97C6}.Release|x64.Build.0 = Release|Any CPU
		{20C5DCCD-92C8-4F18-8D4B-76D3AE2B97C6}.Release|x86.ActiveCfg = Release|Any CPU
		{20C5DCCD-92C8-4F18-8D4B-76D3AE2B97C6}.Release|x86.Build.0 = Release|Any CPU
		{8B50E9AA-1BCA-454B-953C-21EF7BC484D4}.Debug|Any CPU.ActiveCfg = Debug|Any CPU
		{8B50E9AA-1BCA-454B-953C-21EF7BC484D4}.Debug|Any CPU.Build.0 = Debug|Any CPU
		{8B50E9AA-1BCA-454B-953C-21EF7BC484D4}.Debug|x64.ActiveCfg = Debug|Any CPU
		{8B50E9AA-1BCA-454B-953C-21EF7BC484D4}.Debug|x64.Build.0 = Debug|Any CPU
		{8B50E9AA-1BCA-454B-953C-21EF7BC484D4}.Debug|x86.ActiveCfg = Debug|Any CPU
		{8B50E9AA-1BCA-454B-953C-21EF7BC484D4}.Debug|x86.Build.0 = Debug|Any CPU
		{8B50E9AA-1BCA-454B-953C-21EF7BC484D4}.Release|Any CPU.ActiveCfg = Release|Any CPU
		{8B50E9AA-1BCA-454B-953C-21EF7BC484D4}.Release|Any CPU.Build.0 = Release|Any CPU
		{8B50E9AA-1BCA-454B-953C-21EF7BC484D4}.Release|x64.ActiveCfg = Release|Any CPU
		{8B50E9AA-1BCA-454B-953C-21EF7BC484D4}.Release|x64.Build.0 = Release|Any CPU
		{8B50E9AA-1BCA-454B-953C-21EF7BC484D4}.Release|x86.ActiveCfg = Release|Any CPU
		{8B50E9AA-1BCA-454B-953C-21EF7BC484D4}.Release|x86.Build.0 = Release|Any CPU
		{800E2E62-B7B6-4EF7-B861-0A5580953AF4}.Debug|Any CPU.ActiveCfg = Debug|Any CPU
		{800E2E62-B7B6-4EF7-B861-0A5580953AF4}.Debug|Any CPU.Build.0 = Debug|Any CPU
		{800E2E62-B7B6-4EF7-B861-0A5580953AF4}.Debug|x64.ActiveCfg = Debug|Any CPU
		{800E2E62-B7B6-4EF7-B861-0A5580953AF4}.Debug|x64.Build.0 = Debug|Any CPU
		{800E2E62-B7B6-4EF7-B861-0A5580953AF4}.Debug|x86.ActiveCfg = Debug|Any CPU
		{800E2E62-B7B6-4EF7-B861-0A5580953AF4}.Debug|x86.Build.0 = Debug|Any CPU
		{800E2E62-B7B6-4EF7-B861-0A5580953AF4}.Release|Any CPU.ActiveCfg = Release|Any CPU
		{800E2E62-B7B6-4EF7-B861-0A5580953AF4}.Release|Any CPU.Build.0 = Release|Any CPU
		{800E2E62-B7B6-4EF7-B861-0A5580953AF4}.Release|x64.ActiveCfg = Release|Any CPU
		{800E2E62-B7B6-4EF7-B861-0A5580953AF4}.Release|x64.Build.0 = Release|Any CPU
		{800E2E62-B7B6-4EF7-B861-0A5580953AF4}.Release|x86.ActiveCfg = Release|Any CPU
		{800E2E62-B7B6-4EF7-B861-0A5580953AF4}.Release|x86.Build.0 = Release|Any CPU
		{2509D5F6-3938-4CB3-B875-F5EAD9647CEF}.Debug|Any CPU.ActiveCfg = Debug|Any CPU
		{2509D5F6-3938-4CB3-B875-F5EAD9647CEF}.Debug|Any CPU.Build.0 = Debug|Any CPU
		{2509D5F6-3938-4CB3-B875-F5EAD9647CEF}.Debug|x64.ActiveCfg = Debug|Any CPU
		{2509D5F6-3938-4CB3-B875-F5EAD9647CEF}.Debug|x64.Build.0 = Debug|Any CPU
		{2509D5F6-3938-4CB3-B875-F5EAD9647CEF}.Debug|x86.ActiveCfg = Debug|Any CPU
		{2509D5F6-3938-4CB3-B875-F5EAD9647CEF}.Debug|x86.Build.0 = Debug|Any CPU
		{2509D5F6-3938-4CB3-B875-F5EAD9647CEF}.Release|Any CPU.ActiveCfg = Release|Any CPU
		{2509D5F6-3938-4CB3-B875-F5EAD9647CEF}.Release|Any CPU.Build.0 = Release|Any CPU
		{2509D5F6-3938-4CB3-B875-F5EAD9647CEF}.Release|x64.ActiveCfg = Release|Any CPU
		{2509D5F6-3938-4CB3-B875-F5EAD9647CEF}.Release|x64.Build.0 = Release|Any CPU
		{2509D5F6-3938-4CB3-B875-F5EAD9647CEF}.Release|x86.ActiveCfg = Release|Any CPU
		{2509D5F6-3938-4CB3-B875-F5EAD9647CEF}.Release|x86.Build.0 = Release|Any CPU
	EndGlobalSection
	GlobalSection(SolutionProperties) = preSolution
		HideSolutionNode = FALSE
	EndGlobalSection
	GlobalSection(NestedProjects) = preSolution
		{7F4F29F5-5B1F-46DF-9A76-23C901559882} = {EC0A0288-4AFE-4DC1-9ED1-1453BF1C0738}
		{3B1D7F5B-06AF-4A0B-ACB4-C43D60C29310} = {7F4F29F5-5B1F-46DF-9A76-23C901559882}
		{5F8B0FF1-6D07-4578-B723-62F43A6A9DAF} = {5EE1C06A-88D3-4DFF-85B3-E0C47FFE9B0C}
		{BDBA4F04-1EC6-410C-BC02-BE1330440668} = {5F8B0FF1-6D07-4578-B723-62F43A6A9DAF}
		{7423FD42-22A6-41C1-A7D6-6C36F2F06048} = {CA68619C-7601-4683-8125-F0361879AE0C}
		{20C5DCCD-92C8-4F18-8D4B-76D3AE2B97C6} = {7423FD42-22A6-41C1-A7D6-6C36F2F06048}
		{644101DF-D52C-4FA7-90F1-1EB9F7E28C88} = {4733FE6B-0C56-4C83-9B0B-338EA9398BAF}
		{8B50E9AA-1BCA-454B-953C-21EF7BC484D4} = {644101DF-D52C-4FA7-90F1-1EB9F7E28C88}
		{03EA2EA1-3379-4A9E-BBC5-DF79B14834B6} = {07E5B255-4801-4DEF-997C-FDC772B6C9B8}
		{800E2E62-B7B6-4EF7-B861-0A5580953AF4} = {03EA2EA1-3379-4A9E-BBC5-DF79B14834B6}
		{C8804D8C-C0B0-48DC-B63A-D59457C4FB56} = {D8B9AADD-D283-4D08-A831-9830BF8F89D2}
		{2509D5F6-3938-4CB3-B875-F5EAD9647CEF} = {C8804D8C-C0B0-48DC-B63A-D59457C4FB56}
	EndGlobalSection
	GlobalSection(ExtensibilityGlobals) = postSolution
		SolutionGuid = {478A69C5-64B4-4512-BFD9-2E6BDC9FDD39}
	EndGlobalSection
EndGlobal
