
Microsoft Visual Studio Solution File, Format Version 12.00
# Visual Studio 15
VisualStudioVersion = 15.0.26124.0
MinimumVisualStudioVersion = 15.0.26124.0
Project("{2150E333-8FDC-42A3-9474-1A3956D46DE8}") = "NextDoor.Core", "NextDoor.Core", "{D89EAB09-8FA2-4F99-A4C6-B5164E723EC1}"
EndProject
Project("{2150E333-8FDC-42A3-9474-1A3956D46DE8}") = "src", "src", "{D068D6E9-99B8-4925-8FC6-B3C2C4271424}"
EndProject
Project("{FAE04EC0-301F-11D3-BF4B-00C04F79EFBC}") = "NextDoor.Core", "NextDoor.Core\src\NextDoor.Core\NextDoor.Core.csproj", "{54157A53-BC5E-4441-8B8D-8C64A0D5A44A}"
EndProject
Project("{2150E333-8FDC-42A3-9474-1A3956D46DE8}") = "NextDoor.Sevices.Billbook", "NextDoor.Sevices.Billbook", "{51E903BC-D49E-4C6C-A6F0-EB1ACB308B17}"
EndProject
Project("{2150E333-8FDC-42A3-9474-1A3956D46DE8}") = "src", "src", "{BB3EFF6B-6A91-460B-A8D9-0994BBD90094}"
EndProject
Project("{FAE04EC0-301F-11D3-BF4B-00C04F79EFBC}") = "NextDoor.Services.Billbook", "NextDoor.Sevices.Billbook\src\NextDoor.Services.Billbook\NextDoor.Services.Billbook.csproj", "{BD72D330-A074-4BCF-BDEB-62F789AE37B9}"
EndProject
Global
	GlobalSection(SolutionConfigurationPlatforms) = preSolution
		Debug|Any CPU = Debug|Any CPU
		Debug|x64 = Debug|x64
		Debug|x86 = Debug|x86
		Release|Any CPU = Release|Any CPU
		Release|x64 = Release|x64
		Release|x86 = Release|x86
	EndGlobalSection
	GlobalSection(SolutionProperties) = preSolution
		HideSolutionNode = FALSE
	EndGlobalSection
	GlobalSection(ProjectConfigurationPlatforms) = postSolution
		{54157A53-BC5E-4441-8B8D-8C64A0D5A44A}.Debug|Any CPU.ActiveCfg = Debug|Any CPU
		{54157A53-BC5E-4441-8B8D-8C64A0D5A44A}.Debug|Any CPU.Build.0 = Debug|Any CPU
		{54157A53-BC5E-4441-8B8D-8C64A0D5A44A}.Debug|x64.ActiveCfg = Debug|Any CPU
		{54157A53-BC5E-4441-8B8D-8C64A0D5A44A}.Debug|x64.Build.0 = Debug|Any CPU
		{54157A53-BC5E-4441-8B8D-8C64A0D5A44A}.Debug|x86.ActiveCfg = Debug|Any CPU
		{54157A53-BC5E-4441-8B8D-8C64A0D5A44A}.Debug|x86.Build.0 = Debug|Any CPU
		{54157A53-BC5E-4441-8B8D-8C64A0D5A44A}.Release|Any CPU.ActiveCfg = Release|Any CPU
		{54157A53-BC5E-4441-8B8D-8C64A0D5A44A}.Release|Any CPU.Build.0 = Release|Any CPU
		{54157A53-BC5E-4441-8B8D-8C64A0D5A44A}.Release|x64.ActiveCfg = Release|Any CPU
		{54157A53-BC5E-4441-8B8D-8C64A0D5A44A}.Release|x64.Build.0 = Release|Any CPU
		{54157A53-BC5E-4441-8B8D-8C64A0D5A44A}.Release|x86.ActiveCfg = Release|Any CPU
		{54157A53-BC5E-4441-8B8D-8C64A0D5A44A}.Release|x86.Build.0 = Release|Any CPU
		{BD72D330-A074-4BCF-BDEB-62F789AE37B9}.Debug|Any CPU.ActiveCfg = Debug|Any CPU
		{BD72D330-A074-4BCF-BDEB-62F789AE37B9}.Debug|Any CPU.Build.0 = Debug|Any CPU
		{BD72D330-A074-4BCF-BDEB-62F789AE37B9}.Debug|x64.ActiveCfg = Debug|Any CPU
		{BD72D330-A074-4BCF-BDEB-62F789AE37B9}.Debug|x64.Build.0 = Debug|Any CPU
		{BD72D330-A074-4BCF-BDEB-62F789AE37B9}.Debug|x86.ActiveCfg = Debug|Any CPU
		{BD72D330-A074-4BCF-BDEB-62F789AE37B9}.Debug|x86.Build.0 = Debug|Any CPU
		{BD72D330-A074-4BCF-BDEB-62F789AE37B9}.Release|Any CPU.ActiveCfg = Release|Any CPU
		{BD72D330-A074-4BCF-BDEB-62F789AE37B9}.Release|Any CPU.Build.0 = Release|Any CPU
		{BD72D330-A074-4BCF-BDEB-62F789AE37B9}.Release|x64.ActiveCfg = Release|Any CPU
		{BD72D330-A074-4BCF-BDEB-62F789AE37B9}.Release|x64.Build.0 = Release|Any CPU
		{BD72D330-A074-4BCF-BDEB-62F789AE37B9}.Release|x86.ActiveCfg = Release|Any CPU
		{BD72D330-A074-4BCF-BDEB-62F789AE37B9}.Release|x86.Build.0 = Release|Any CPU
	EndGlobalSection
	GlobalSection(NestedProjects) = preSolution
		{D068D6E9-99B8-4925-8FC6-B3C2C4271424} = {D89EAB09-8FA2-4F99-A4C6-B5164E723EC1}
		{54157A53-BC5E-4441-8B8D-8C64A0D5A44A} = {D068D6E9-99B8-4925-8FC6-B3C2C4271424}
		{BB3EFF6B-6A91-460B-A8D9-0994BBD90094} = {51E903BC-D49E-4C6C-A6F0-EB1ACB308B17}
		{BD72D330-A074-4BCF-BDEB-62F789AE37B9} = {BB3EFF6B-6A91-460B-A8D9-0994BBD90094}
	EndGlobalSection
EndGlobal
