
Microsoft Visual Studio Solution File, Format Version 12.00
# Visual Studio 15
VisualStudioVersion = 15.0.26124.0
MinimumVisualStudioVersion = 15.0.26124.0
Project("{2150E333-8FDC-42A3-9474-1A3956D46DE8}") = "src", "src", "{BBB5BBE1-52BD-43B4-812F-64AE6CCA9D08}"
EndProject
Project("{FAE04EC0-301F-11D3-BF4B-00C04F79EFBC}") = "NextDoor.Services.Notifications", "src\NextDoor.Services.Notifications\NextDoor.Services.Notifications.csproj", "{43C878FD-BDD1-4FF9-8432-658388776C51}"
EndProject
Global
	GlobalSection(SolutionConfigurationPlatforms) = preSolution
		Debug|Any CPU = Debug|Any CPU
		Debug|x64 = Debug|x64
		Debug|x86 = Debug|x86
		Release|Any CPU = Release|Any CPU
		Release|x64 = Release|x64
		Release|x86 = Release|x86
	EndGlobalSection
	GlobalSection(SolutionProperties) = preSolution
		HideSolutionNode = FALSE
	EndGlobalSection
	GlobalSection(ProjectConfigurationPlatforms) = postSolution
		{43C878FD-BDD1-4FF9-8432-658388776C51}.Debug|Any CPU.ActiveCfg = Debug|Any CPU
		{43C878FD-BDD1-4FF9-8432-658388776C51}.Debug|Any CPU.Build.0 = Debug|Any CPU
		{43C878FD-BDD1-4FF9-8432-658388776C51}.Debug|x64.ActiveCfg = Debug|Any CPU
		{43C878FD-BDD1-4FF9-8432-658388776C51}.Debug|x64.Build.0 = Debug|Any CPU
		{43C878FD-BDD1-4FF9-8432-658388776C51}.Debug|x86.ActiveCfg = Debug|Any CPU
		{43C878FD-BDD1-4FF9-8432-658388776C51}.Debug|x86.Build.0 = Debug|Any CPU
		{43C878FD-BDD1-4FF9-8432-658388776C51}.Release|Any CPU.ActiveCfg = Release|Any CPU
		{43C878FD-BDD1-4FF9-8432-658388776C51}.Release|Any CPU.Build.0 = Release|Any CPU
		{43C878FD-BDD1-4FF9-8432-658388776C51}.Release|x64.ActiveCfg = Release|Any CPU
		{43C878FD-BDD1-4FF9-8432-658388776C51}.Release|x64.Build.0 = Release|Any CPU
		{43C878FD-BDD1-4FF9-8432-658388776C51}.Release|x86.ActiveCfg = Release|Any CPU
		{43C878FD-BDD1-4FF9-8432-658388776C51}.Release|x86.Build.0 = Release|Any CPU
	EndGlobalSection
	GlobalSection(NestedProjects) = preSolution
		{43C878FD-BDD1-4FF9-8432-658388776C51} = {BBB5BBE1-52BD-43B4-812F-64AE6CCA9D08}
	EndGlobalSection
EndGlobal
